// !$*UTF8*$!
{
	archiveVersion = 1;
	classes = {
	};
	objectVersion = 46;
	objects = {

/* Begin PBXBuildFile section */
		7F1DCDA6194955EE003DEECD /* AppDelegate.swift in Sources */ = {isa = PBXBuildFile; fileRef = 7F1DCDA5194955EE003DEECD /* AppDelegate.swift */; };
		7F1DCDA8194955EE003DEECD /* Images.xcassets in Resources */ = {isa = PBXBuildFile; fileRef = 7F1DCDA7194955EE003DEECD /* Images.xcassets */; };
		7F1DCDB4194955EF003DEECD /* TableViewDemoTests.swift in Sources */ = {isa = PBXBuildFile; fileRef = 7F1DCDB3194955EF003DEECD /* TableViewDemoTests.swift */; };
/* End PBXBuildFile section */

/* Begin PBXContainerItemProxy section */
		7F1DCDAE194955EF003DEECD /* PBXContainerItemProxy */ = {
			isa = PBXContainerItemProxy;
			containerPortal = 7F1DCD98194955EE003DEECD /* Project object */;
			proxyType = 1;
			remoteGlobalIDString = 7F1DCD9F194955EE003DEECD;
			remoteInfo = TableViewDemo;
		};
/* End PBXContainerItemProxy section */

/* Begin PBXFileReference section */
		7F1DCDA0194955EE003DEECD /* TableViewDemo.app */ = {isa = PBXFileReference; explicitFileType = wrapper.application; includeInIndex = 0; path = TableViewDemo.app; sourceTree = BUILT_PRODUCTS_DIR; };
		7F1DCDA4194955EE003DEECD /* Info.plist */ = {isa = PBXFileReference; lastKnownFileType = text.plist.xml; path = Info.plist; sourceTree = "<group>"; };
		7F1DCDA5194955EE003DEECD /* AppDelegate.swift */ = {isa = PBXFileReference; lastKnownFileType = sourcecode.swift; path = AppDelegate.swift; sourceTree = "<group>"; };
		7F1DCDA7194955EE003DEECD /* Images.xcassets */ = {isa = PBXFileReference; lastKnownFileType = folder.assetcatalog; path = Images.xcassets; sourceTree = "<group>"; };
		7F1DCDAD194955EF003DEECD /* TableViewDemoTests.xctest */ = {isa = PBXFileReference; explicitFileType = wrapper.cfbundle; includeInIndex = 0; path = TableViewDemoTests.xctest; sourceTree = BUILT_PRODUCTS_DIR; };
		7F1DCDB2194955EF003DEECD /* Info.plist */ = {isa = PBXFileReference; lastKnownFileType = text.plist.xml; path = Info.plist; sourceTree = "<group>"; };
		7F1DCDB3194955EF003DEECD /* TableViewDemoTests.swift */ = {isa = PBXFileReference; lastKnownFileType = sourcecode.swift; path = TableViewDemoTests.swift; sourceTree = "<group>"; };
/* End PBXFileReference section */

/* Begin PBXFrameworksBuildPhase section */
		7F1DCD9D194955EE003DEECD /* Frameworks */ = {
			isa = PBXFrameworksBuildPhase;
			buildActionMask = 2147483647;
			files = (
			);
			runOnlyForDeploymentPostprocessing = 0;
		};
		7F1DCDAA194955EF003DEECD /* Frameworks */ = {
			isa = PBXFrameworksBuildPhase;
			buildActionMask = 2147483647;
			files = (
			);
			runOnlyForDeploymentPostprocessing = 0;
		};
/* End PBXFrameworksBuildPhase section */

/* Begin PBXGroup section */
		7F1DCD97194955EE003DEECD = {
			isa = PBXGroup;
			children = (
				7F1DCDA2194955EE003DEECD /* TableViewDemo */,
				7F1DCDB0194955EF003DEECD /* TableViewDemoTests */,
				7F1DCDA1194955EE003DEECD /* Products */,
			);
			sourceTree = "<group>";
		};
		7F1DCDA1194955EE003DEECD /* Products */ = {
			isa = PBXGroup;
			children = (
				7F1DCDA0194955EE003DEECD /* TableViewDemo.app */,
				7F1DCDAD194955EF003DEECD /* TableViewDemoTests.xctest */,
			);
			name = Products;
			sourceTree = "<group>";
		};
		7F1DCDA2194955EE003DEECD /* TableViewDemo */ = {
			isa = PBXGroup;
			children = (
				7F1DCDA5194955EE003DEECD /* AppDelegate.swift */,
				7F1DCDA7194955EE003DEECD /* Images.xcassets */,
				7F1DCDA3194955EE003DEECD /* Supporting Files */,
			);
			path = TableViewDemo;
			sourceTree = "<group>";
		};
		7F1DCDA3194955EE003DEECD /* Supporting Files */ = {
			isa = PBXGroup;
			children = (
				7F1DCDA4194955EE003DEECD /* Info.plist */,
			);
			name = "Supporting Files";
			sourceTree = "<group>";
		};
		7F1DCDB0194955EF003DEECD /* TableViewDemoTests */ = {
			isa = PBXGroup;
			children = (
				7F1DCDB3194955EF003DEECD /* TableViewDemoTests.swift */,
				7F1DCDB1194955EF003DEECD /* Supporting Files */,
			);
			path = TableViewDemoTests;
			sourceTree = "<group>";
		};
		7F1DCDB1194955EF003DEECD /* Supporting Files */ = {
			isa = PBXGroup;
			children = (
				7F1DCDB2194955EF003DEECD /* Info.plist */,
			);
			name = "Supporting Files";
			sourceTree = "<group>";
		};
/* End PBXGroup section */

/* Begin PBXNativeTarget section */
		7F1DCD9F194955EE003DEECD /* TableViewDemo */ = {
			isa = PBXNativeTarget;
			buildConfigurationList = 7F1DCDB7194955EF003DEECD /* Build configuration list for PBXNativeTarget "TableViewDemo" */;
			buildPhases = (
				7F1DCD9C194955EE003DEECD /* Sources */,
				7F1DCD9D194955EE003DEECD /* Frameworks */,
				7F1DCD9E194955EE003DEECD /* Resources */,
			);
			buildRules = (
			);
			dependencies = (
			);
			name = TableViewDemo;
			productName = TableViewDemo;
			productReference = 7F1DCDA0194955EE003DEECD /* TableViewDemo.app */;
			productType = "com.apple.product-type.application";
		};
		7F1DCDAC194955EF003DEECD /* TableViewDemoTests */ = {
			isa = PBXNativeTarget;
			buildConfigurationList = 7F1DCDBA194955EF003DEECD /* Build configuration list for PBXNativeTarget "TableViewDemoTests" */;
			buildPhases = (
				7F1DCDA9194955EF003DEECD /* Sources */,
				7F1DCDAA194955EF003DEECD /* Frameworks */,
				7F1DCDAB194955EF003DEECD /* Resources */,
			);
			buildRules = (
			);
			dependencies = (
				7F1DCDAF194955EF003DEECD /* PBXTargetDependency */,
			);
			name = TableViewDemoTests;
			productName = TableViewDemoTests;
			productReference = 7F1DCDAD194955EF003DEECD /* TableViewDemoTests.xctest */;
			productType = "com.apple.product-type.bundle.unit-test";
		};
/* End PBXNativeTarget section */

/* Begin PBXProject section */
		7F1DCD98194955EE003DEECD /* Project object */ = {
			isa = PBXProject;
			attributes = {
				LastUpgradeCheck = 0600;
				ORGANIZATIONNAME = phsun;
				TargetAttributes = {
					7F1DCD9F194955EE003DEECD = {
						CreatedOnToolsVersion = 6.0;
					};
					7F1DCDAC194955EF003DEECD = {
						CreatedOnToolsVersion = 6.0;
						TestTargetID = 7F1DCD9F194955EE003DEECD;
					};
				};
			};
			buildConfigurationList = 7F1DCD9B194955EE003DEECD /* Build configuration list for PBXProject "TableViewDemo" */;
			compatibilityVersion = "Xcode 3.2";
			developmentRegion = English;
			hasScannedForEncodings = 0;
			knownRegions = (
				en,
			);
			mainGroup = 7F1DCD97194955EE003DEECD;
			productRefGroup = 7F1DCDA1194955EE003DEECD /* Products */;
			projectDirPath = "";
			projectRoot = "";
			targets = (
				7F1DCD9F194955EE003DEECD /* TableViewDemo */,
				7F1DCDAC194955EF003DEECD /* TableViewDemoTests */,
			);
		};
/* End PBXProject section */

/* Begin PBXResourcesBuildPhase section */
		7F1DCD9E194955EE003DEECD /* Resources */ = {
			isa = PBXResourcesBuildPhase;
			buildActionMask = 2147483647;
			files = (
				7F1DCDA8194955EE003DEECD /* Images.xcassets in Resources */,
			);
			runOnlyForDeploymentPostprocessing = 0;
		};
		7F1DCDAB194955EF003DEECD /* Resources */ = {
			isa = PBXResourcesBuildPhase;
			buildActionMask = 2147483647;
			files = (
			);
			runOnlyForDeploymentPostprocessing = 0;
		};
/* End PBXResourcesBuildPhase section */

/* Begin PBXSourcesBuildPhase section */
		7F1DCD9C194955EE003DEECD /* Sources */ = {
			isa = PBXSourcesBuildPhase;
			buildActionMask = 2147483647;
			files = (
				7F1DCDA6194955EE003DEECD /* AppDelegate.swift in Sources */,
			);
			runOnlyForDeploymentPostprocessing = 0;
		};
		7F1DCDA9194955EF003DEECD /* Sources */ = {
			isa = PBXSourcesBuildPhase;
			buildActionMask = 2147483647;
			files = (
				7F1DCDB4194955EF003DEECD /* TableViewDemoTests.swift in Sources */,
			);
			runOnlyForDeploymentPostprocessing = 0;
		};
/* End PBXSourcesBuildPhase section */

/* Begin PBXTargetDependency section */
		7F1DCDAF194955EF003DEECD /* PBXTargetDependency */ = {
			isa = PBXTargetDependency;
			target = 7F1DCD9F194955EE003DEECD /* TableViewDemo */;
			targetProxy = 7F1DCDAE194955EF003DEECD /* PBXContainerItemProxy */;
		};
/* End PBXTargetDependency section */

/* Begin XCBuildConfiguration section */
		7F1DCDB5194955EF003DEECD /* Debug */ = {
			isa = XCBuildConfiguration;
			buildSettings = {
				ALWAYS_SEARCH_USER_PATHS = NO;
				CLANG_CXX_LANGUAGE_STANDARD = "gnu++0x";
				CLANG_CXX_LIBRARY = "libc++";
				CLANG_ENABLE_MODULES = YES;
				CLANG_ENABLE_OBJC_ARC = YES;
				CLANG_WARN_BOOL_CONVERSION = YES;
				CLANG_WARN_CONSTANT_CONVERSION = YES;
				CLANG_WARN_DIRECT_OBJC_ISA_USAGE = YES_ERROR;
				CLANG_WARN_EMPTY_BODY = YES;
				CLANG_WARN_ENUM_CONVERSION = YES;
				CLANG_WARN_INT_CONVERSION = YES;
				CLANG_WARN_OBJC_ROOT_CLASS = YES_ERROR;
				CLANG_WARN_UNREACHABLE_CODE = YES;
				CLANG_WARN__DUPLICATE_METHOD_MATCH = YES;
				"CODE_SIGN_IDENTITY[sdk=iphoneos*]" = "iPhone Developer";
				COPY_PHASE_STRIP = NO;
				ENABLE_STRICT_OBJC_MSGSEND = YES;
				GCC_C_LANGUAGE_STANDARD = gnu99;
				GCC_DYNAMIC_NO_PIC = NO;
				GCC_OPTIMIZATION_LEVEL = 0;
				GCC_PREPROCESSOR_DEFINITIONS = (
					"DEBUG=1",
					"$(inherited)",
				);
				GCC_SYMBOLS_PRIVATE_EXTERN = NO;
				GCC_WARN_64_TO_32_BIT_CONVERSION = YES;
				GCC_WARN_ABOUT_RETURN_TYPE = YES_ERROR;
				GCC_WARN_UNDECLARED_SELECTOR = YES;
				GCC_WARN_UNINITIALIZED_AUTOS = YES_AGGRESSIVE;
				GCC_WARN_UNUSED_FUNCTION = YES;
				GCC_WARN_UNUSED_VARIABLE = YES;
				IPHONEOS_DEPLOYMENT_TARGET = 8.0;
				METAL_ENABLE_DEBUG_INFO = YES;
				ONLY_ACTIVE_ARCH = YES;
				SDKROOT = iphoneos;
				SWIFT_OPTIMIZATION_LEVEL = "-Onone";
			};
			name = Debug;
		};
		7F1DCDB6194955EF003DEECD /* Release */ = {
			isa = XCBuildConfiguration;
			buildSettings = {
				ALWAYS_SEARCH_USER_PATHS = NO;
				CLANG_CXX_LANGUAGE_STANDARD = "gnu++0x";
				CLANG_CXX_LIBRARY = "libc++";
				CLANG_ENABLE_MODULES = YES;
				CLANG_ENABLE_OBJC_ARC = YES;
				CLANG_WARN_BOOL_CONVERSION = YES;
				CLANG_WARN_CONSTANT_CONVERSION = YES;
				CLANG_WARN_DIRECT_OBJC_ISA_USAGE = YES_ERROR;
				CLANG_WARN_EMPTY_BODY = YES;
				CLANG_WARN_ENUM_CONVERSION = YES;
				CLANG_WARN_INT_CONVERSION = YES;
				CLANG_WARN_OBJC_ROOT_CLASS = YES_ERROR;
				CLANG_WARN_UNREACHABLE_CODE = YES;
				CLANG_WARN__DUPLICATE_METHOD_MATCH = YES;
				"CODE_SIGN_IDENTITY[sdk=iphoneos*]" = "iPhone Developer";
				COPY_PHASE_STRIP = YES;
				ENABLE_NS_ASSERTIONS = NO;
				ENABLE_STRICT_OBJC_MSGSEND = YES;
				GCC_C_LANGUAGE_STANDARD = gnu99;
				GCC_WARN_64_TO_32_BIT_CONVERSION = YES;
				GCC_WARN_ABOUT_RETURN_TYPE = YES_ERROR;
				GCC_WARN_UNDECLARED_SELECTOR = YES;
				GCC_WARN_UNINITIALIZED_AUTOS = YES_AGGRESSIVE;
				GCC_WARN_UNUSED_FUNCTION = YES;
				GCC_WARN_UNUSED_VARIABLE = YES;
				IPHONEOS_DEPLOYMENT_TARGET = 8.0;
				METAL_ENABLE_DEBUG_INFO = NO;
				SDKROOT = iphoneos;
				VALIDATE_PRODUCT = YES;
			};
			name = Release;
		};
		7F1DCDB8194955EF003DEECD /* Debug */ = {
			isa = XCBuildConfiguration;
			buildSettings = {
				ASSETCATALOG_COMPILER_APPICON_NAME = AppIcon;
				ASSETCATALOG_COMPILER_LAUNCHIMAGE_NAME = LaunchImage;
				INFOPLIST_FILE = TableViewDemo/Info.plist;
				LD_RUNPATH_SEARCH_PATHS = "$(inherited) @executable_path/Frameworks";
				PRODUCT_NAME = "$(TARGET_NAME)";
			};
			name = Debug;
		};
		7F1DCDB9194955EF003DEECD /* Release */ = {
			isa = XCBuildConfiguration;
			buildSettings = {
				ASSETCATALOG_COMPILER_APPICON_NAME = AppIcon;
				ASSETCATALOG_COMPILER_LAUNCHIMAGE_NAME = LaunchImage;
				INFOPLIST_FILE = TableViewDemo/Info.plist;
				LD_RUNPATH_SEARCH_PATHS = "$(inherited) @executable_path/Frameworks";
				PRODUCT_NAME = "$(TARGET_NAME)";
			};
			name = Release;
		};
		7F1DCDBB194955EF003DEECD /* Debug */ = {
			isa = XCBuildConfiguration;
			buildSettings = {
				BUNDLE_LOADER = "$(BUILT_PRODUCTS_DIR)/TableViewDemo.app/TableViewDemo";
				FRAMEWORK_SEARCH_PATHS = (
					"$(SDKROOT)/Developer/Library/Frameworks",
					"$(inherited)",
				);
				GCC_PREPROCESSOR_DEFINITIONS = (
					"DEBUG=1",
					"$(inherited)",
				);
				INFOPLIST_FILE = TableViewDemoTests/Info.plist;
				LD_RUNPATH_SEARCH_PATHS = "$(inherited) @executable_path/Frameworks @loader_path/Frameworks";
				METAL_ENABLE_DEBUG_INFO = YES;
				PRODUCT_NAME = "$(TARGET_NAME)";
				TEST_HOST = "$(BUNDLE_LOADER)";
			};
			name = Debug;
		};
		7F1DCDBC194955EF003DEECD /* Release */ = {
			isa = XCBuildConfiguration;
			buildSettings = {
				BUNDLE_LOADER = "$(BUILT_PRODUCTS_DIR)/TableViewDemo.app/TableViewDemo";
				FRAMEWORK_SEARCH_PATHS = (
					"$(SDKROOT)/Developer/Library/Frameworks",
					"$(inherited)",
				);
				INFOPLIST_FILE = TableViewDemoTests/Info.plist;
				LD_RUNPATH_SEARCH_PATHS = "$(inherited) @executable_path/Frameworks @loader_path/Frameworks";
				METAL_ENABLE_DEBUG_INFO = NO;
				PRODUCT_NAME = "$(TARGET_NAME)";
				TEST_HOST = "$(BUNDLE_LOADER)";
			};
			name = Release;
		};
/* End XCBuildConfiguration section */

/* Begin XCConfigurationList section */
		7F1DCD9B194955EE003DEECD /* Build configuration list for PBXProject "TableViewDemo" */ = {
			isa = XCConfigurationList;
			buildConfigurations = (
				7F1DCDB5194955EF003DEECD /* Debug */,
				7F1DCDB6194955EF003DEECD /* Release */,
			);
			defaultConfigurationIsVisible = 0;
			defaultConfigurationName = Release;
		};
		7F1DCDB7194955EF003DEECD /* Build configuration list for PBXNativeTarget "TableViewDemo" */ = {
			isa = XCConfigurationList;
			buildConfigurations = (
				7F1DCDB8194955EF003DEECD /* Debug */,
				7F1DCDB9194955EF003DEECD /* Release */,
			);
			defaultConfigurationIsVisible = 0;
		};
		7F1DCDBA194955EF003DEECD /* Build configuration list for PBXNativeTarget "TableViewDemoTests" */ = {
			isa = XCConfigurationList;
			buildConfigurations = (
				7F1DCDBB194955EF003DEECD /* Debug */,
				7F1DCDBC194955EF003DEECD /* Release */,
			);
			defaultConfigurationIsVisible = 0;
		};
/* End XCConfigurationList section */
	};
	rootObject = 7F1DCD98194955EE003DEECD /* Project object */;
}
